// !$*UTF8*$!
{
	archiveVersion = 1;
	classes = {
	};
	objectVersion = 50;
	objects = {

/* Begin PBXBuildFile section */
		66F15A19AC6C97A3967F1D8C /* Pods_TimeStatementTests.framework in Frameworks */ = {isa = PBXBuildFile; fileRef = 42ED9961F7F4B75BA20AB156 /* Pods_TimeStatementTests.framework */; };
		7611A869C334448EDFA0868E /* Pods_TimeStatementUITests.framework in Frameworks */ = {isa = PBXBuildFile; fileRef = 2B80AC2F9495E2E581700266 /* Pods_TimeStatementUITests.framework */; };
		7810547721CA7B6E00BC9B47 /* JTSRootNavigationViewController.m in Sources */ = {isa = PBXBuildFile; fileRef = 7810547621CA7B6E00BC9B47 /* JTSRootNavigationViewController.m */; };
		7810547F21CA823000BC9B47 /* JTSMainViewController.m in Sources */ = {isa = PBXBuildFile; fileRef = 7810547D21CA823000BC9B47 /* JTSMainViewController.m */; };
		7810548021CA823000BC9B47 /* JTSMainViewController.xib in Resources */ = {isa = PBXBuildFile; fileRef = 7810547E21CA823000BC9B47 /* JTSMainViewController.xib */; };
		7810548521CA846100BC9B47 /* LaunchScreen.xib in Resources */ = {isa = PBXBuildFile; fileRef = 7810548421CA846100BC9B47 /* LaunchScreen.xib */; };
		7810548B21CA864200BC9B47 /* SettingViewController.m in Sources */ = {isa = PBXBuildFile; fileRef = 7810548921CA864200BC9B47 /* SettingViewController.m */; };
		7810548C21CA864200BC9B47 /* SettingViewController.xib in Resources */ = {isa = PBXBuildFile; fileRef = 7810548A21CA864200BC9B47 /* SettingViewController.xib */; };
		789CE14721D20F9800D69FC1 /* JTSStatementEditorViewControllerViewModel.m in Sources */ = {isa = PBXBuildFile; fileRef = 789CE14621D20F9800D69FC1 /* JTSStatementEditorViewControllerViewModel.m */; };
		78A08A8E21D23A000092E6A1 /* UIView+JTSEvent.m in Sources */ = {isa = PBXBuildFile; fileRef = 78A08A8D21D23A000092E6A1 /* UIView+JTSEvent.m */; };
		78A08AD721D392280092E6A1 /* JTSPopTimeDurationSelecterView.m in Sources */ = {isa = PBXBuildFile; fileRef = 78A08AD521D392280092E6A1 /* JTSPopTimeDurationSelecterView.m */; };
		78A08AD821D392280092E6A1 /* JTSPopTimeDurationSelecterView.xib in Resources */ = {isa = PBXBuildFile; fileRef = 78A08AD621D392280092E6A1 /* JTSPopTimeDurationSelecterView.xib */; };
		78AD1A0821C3992300D03BF3 /* AppDelegate.m in Sources */ = {isa = PBXBuildFile; fileRef = 78AD1A0721C3992300D03BF3 /* AppDelegate.m */; };
		78AD1A1021C3992500D03BF3 /* Assets.xcassets in Resources */ = {isa = PBXBuildFile; fileRef = 78AD1A0F21C3992500D03BF3 /* Assets.xcassets */; };
		78AD1A1621C3992500D03BF3 /* main.m in Sources */ = {isa = PBXBuildFile; fileRef = 78AD1A1521C3992500D03BF3 /* main.m */; };
		78AD1A2021C3992500D03BF3 /* TimeStatementTests.m in Sources */ = {isa = PBXBuildFile; fileRef = 78AD1A1F21C3992500D03BF3 /* TimeStatementTests.m */; };
		78AD1A2B21C3992500D03BF3 /* TimeStatementUITests.m in Sources */ = {isa = PBXBuildFile; fileRef = 78AD1A2A21C3992500D03BF3 /* TimeStatementUITests.m */; };
		78B4DB2A21D0C72C0079675E /* JTSStatementEditorViewController.m in Sources */ = {isa = PBXBuildFile; fileRef = 78B4DB2821D0C72C0079675E /* JTSStatementEditorViewController.m */; };
		78B4DB2B21D0C72C0079675E /* JTSStatementEditorViewController.xib in Resources */ = {isa = PBXBuildFile; fileRef = 78B4DB2921D0C72C0079675E /* JTSStatementEditorViewController.xib */; };
		78B4DB3021D0CE240079675E /* UIViewController+JTSRouter.m in Sources */ = {isa = PBXBuildFile; fileRef = 78B4DB2F21D0CE240079675E /* UIViewController+JTSRouter.m */; };
		78B4DB3621D0EC3F0079675E /* UINavigationController+JTSStyle.m in Sources */ = {isa = PBXBuildFile; fileRef = 78B4DB3521D0EC3F0079675E /* UINavigationController+JTSStyle.m */; };
		78D8E28C21CBAC9800AED9A5 /* UIViewController+JTSStyle.m in Sources */ = {isa = PBXBuildFile; fileRef = 78D8E28B21CBAC9800AED9A5 /* UIViewController+JTSStyle.m */; };
		78D8E29321CBE10300AED9A5 /* UIButton+JTSStyle.m in Sources */ = {isa = PBXBuildFile; fileRef = 78D8E29221CBE10300AED9A5 /* UIButton+JTSStyle.m */; };
		A7AC5387C54085192A1C6CDB /* Pods_TimeStatement.framework in Frameworks */ = {isa = PBXBuildFile; fileRef = C6A61FD907E6639DF92E8FE8 /* Pods_TimeStatement.framework */; };
/* End PBXBuildFile section */

/* Begin PBXContainerItemProxy section */
		78AD1A1C21C3992500D03BF3 /* PBXContainerItemProxy */ = {
			isa = PBXContainerItemProxy;
			containerPortal = 78AD19FB21C3992300D03BF3 /* Project object */;
			proxyType = 1;
			remoteGlobalIDString = 78AD1A0221C3992300D03BF3;
			remoteInfo = TimeStatement;
		};
		78AD1A2721C3992500D03BF3 /* PBXContainerItemProxy */ = {
			isa = PBXContainerItemProxy;
			containerPortal = 78AD19FB21C3992300D03BF3 /* Project object */;
			proxyType = 1;
			remoteGlobalIDString = 78AD1A0221C3992300D03BF3;
			remoteInfo = TimeStatement;
		};
/* End PBXContainerItemProxy section */

/* Begin PBXFileReference section */
		0FCCD3CBAE02CAAE74C0AC44 /* Pods-TimeStatementTests.release.xcconfig */ = {isa = PBXFileReference; includeInIndex = 1; lastKnownFileType = text.xcconfig; name = "Pods-TimeStatementTests.release.xcconfig"; path = "Pods/Target Support Files/Pods-TimeStatementTests/Pods-TimeStatementTests.release.xcconfig"; sourceTree = "<group>"; };
		2B80AC2F9495E2E581700266 /* Pods_TimeStatementUITests.framework */ = {isa = PBXFileReference; explicitFileType = wrapper.framework; includeInIndex = 0; path = Pods_TimeStatementUITests.framework; sourceTree = BUILT_PRODUCTS_DIR; };
		42ED9961F7F4B75BA20AB156 /* Pods_TimeStatementTests.framework */ = {isa = PBXFileReference; explicitFileType = wrapper.framework; includeInIndex = 0; path = Pods_TimeStatementTests.framework; sourceTree = BUILT_PRODUCTS_DIR; };
		62E39A8A5F83C5AF510574F6 /* Pods-TimeStatement.debug.xcconfig */ = {isa = PBXFileReference; includeInIndex = 1; lastKnownFileType = text.xcconfig; name = "Pods-TimeStatement.debug.xcconfig"; path = "Pods/Target Support Files/Pods-TimeStatement/Pods-TimeStatement.debug.xcconfig"; sourceTree = "<group>"; };
		7810547521CA7B6E00BC9B47 /* JTSRootNavigationViewController.h */ = {isa = PBXFileReference; lastKnownFileType = sourcecode.c.h; path = JTSRootNavigationViewController.h; sourceTree = "<group>"; };
		7810547621CA7B6E00BC9B47 /* JTSRootNavigationViewController.m */ = {isa = PBXFileReference; lastKnownFileType = sourcecode.c.objc; path = JTSRootNavigationViewController.m; sourceTree = "<group>"; };
		7810547C21CA823000BC9B47 /* JTSMainViewController.h */ = {isa = PBXFileReference; lastKnownFileType = sourcecode.c.h; path = JTSMainViewController.h; sourceTree = "<group>"; };
		7810547D21CA823000BC9B47 /* JTSMainViewController.m */ = {isa = PBXFileReference; lastKnownFileType = sourcecode.c.objc; path = JTSMainViewController.m; sourceTree = "<group>"; };
		7810547E21CA823000BC9B47 /* JTSMainViewController.xib */ = {isa = PBXFileReference; lastKnownFileType = file.xib; path = JTSMainViewController.xib; sourceTree = "<group>"; };
		7810548421CA846100BC9B47 /* LaunchScreen.xib */ = {isa = PBXFileReference; lastKnownFileType = file.xib; path = LaunchScreen.xib; sourceTree = "<group>"; };
		7810548821CA864200BC9B47 /* SettingViewController.h */ = {isa = PBXFileReference; lastKnownFileType = sourcecode.c.h; path = SettingViewController.h; sourceTree = "<group>"; };
		7810548921CA864200BC9B47 /* SettingViewController.m */ = {isa = PBXFileReference; lastKnownFileType = sourcecode.c.objc; path = SettingViewController.m; sourceTree = "<group>"; };
		7810548A21CA864200BC9B47 /* SettingViewController.xib */ = {isa = PBXFileReference; lastKnownFileType = file.xib; path = SettingViewController.xib; sourceTree = "<group>"; };
		789CE14521D20F9800D69FC1 /* JTSStatementEditorViewControllerViewModel.h */ = {isa = PBXFileReference; lastKnownFileType = sourcecode.c.h; path = JTSStatementEditorViewControllerViewModel.h; sourceTree = "<group>"; };
		789CE14621D20F9800D69FC1 /* JTSStatementEditorViewControllerViewModel.m */ = {isa = PBXFileReference; lastKnownFileType = sourcecode.c.objc; path = JTSStatementEditorViewControllerViewModel.m; sourceTree = "<group>"; };
		78A08A8C21D23A000092E6A1 /* UIView+JTSEvent.h */ = {isa = PBXFileReference; lastKnownFileType = sourcecode.c.h; path = "UIView+JTSEvent.h"; sourceTree = "<group>"; };
		78A08A8D21D23A000092E6A1 /* UIView+JTSEvent.m */ = {isa = PBXFileReference; lastKnownFileType = sourcecode.c.objc; path = "UIView+JTSEvent.m"; sourceTree = "<group>"; };
		78A08AD421D392280092E6A1 /* JTSPopTimeDurationSelecterView.h */ = {isa = PBXFileReference; lastKnownFileType = sourcecode.c.h; path = JTSPopTimeDurationSelecterView.h; sourceTree = "<group>"; };
		78A08AD521D392280092E6A1 /* JTSPopTimeDurationSelecterView.m */ = {isa = PBXFileReference; lastKnownFileType = sourcecode.c.objc; path = JTSPopTimeDurationSelecterView.m; sourceTree = "<group>"; };
		78A08AD621D392280092E6A1 /* JTSPopTimeDurationSelecterView.xib */ = {isa = PBXFileReference; lastKnownFileType = file.xib; path = JTSPopTimeDurationSelecterView.xib; sourceTree = "<group>"; };
		78AD1A0321C3992300D03BF3 /* TimeStatement.app */ = {isa = PBXFileReference; explicitFileType = wrapper.application; includeInIndex = 0; path = TimeStatement.app; sourceTree = BUILT_PRODUCTS_DIR; };
		78AD1A0621C3992300D03BF3 /* AppDelegate.h */ = {isa = PBXFileReference; lastKnownFileType = sourcecode.c.h; path = AppDelegate.h; sourceTree = "<group>"; };
		78AD1A0721C3992300D03BF3 /* AppDelegate.m */ = {isa = PBXFileReference; lastKnownFileType = sourcecode.c.objc; path = AppDelegate.m; sourceTree = "<group>"; };
		78AD1A0F21C3992500D03BF3 /* Assets.xcassets */ = {isa = PBXFileReference; lastKnownFileType = folder.assetcatalog; path = Assets.xcassets; sourceTree = "<group>"; };
		78AD1A1421C3992500D03BF3 /* Info.plist */ = {isa = PBXFileReference; lastKnownFileType = text.plist.xml; path = Info.plist; sourceTree = "<group>"; };
		78AD1A1521C3992500D03BF3 /* main.m */ = {isa = PBXFileReference; lastKnownFileType = sourcecode.c.objc; path = main.m; sourceTree = "<group>"; };
		78AD1A1B21C3992500D03BF3 /* TimeStatementTests.xctest */ = {isa = PBXFileReference; explicitFileType = wrapper.cfbundle; includeInIndex = 0; path = TimeStatementTests.xctest; sourceTree = BUILT_PRODUCTS_DIR; };
		78AD1A1F21C3992500D03BF3 /* TimeStatementTests.m */ = {isa = PBXFileReference; lastKnownFileType = sourcecode.c.objc; path = TimeStatementTests.m; sourceTree = "<group>"; };
		78AD1A2121C3992500D03BF3 /* Info.plist */ = {isa = PBXFileReference; lastKnownFileType = text.plist.xml; path = Info.plist; sourceTree = "<group>"; };
		78AD1A2621C3992500D03BF3 /* TimeStatementUITests.xctest */ = {isa = PBXFileReference; explicitFileType = wrapper.cfbundle; includeInIndex = 0; path = TimeStatementUITests.xctest; sourceTree = BUILT_PRODUCTS_DIR; };
		78AD1A2A21C3992500D03BF3 /* TimeStatementUITests.m */ = {isa = PBXFileReference; lastKnownFileType = sourcecode.c.objc; path = TimeStatementUITests.m; sourceTree = "<group>"; };
		78AD1A2C21C3992500D03BF3 /* Info.plist */ = {isa = PBXFileReference; lastKnownFileType = text.plist.xml; path = Info.plist; sourceTree = "<group>"; };
		78B4DB2721D0C72C0079675E /* JTSStatementEditorViewController.h */ = {isa = PBXFileReference; lastKnownFileType = sourcecode.c.h; path = JTSStatementEditorViewController.h; sourceTree = "<group>"; };
		78B4DB2821D0C72C0079675E /* JTSStatementEditorViewController.m */ = {isa = PBXFileReference; lastKnownFileType = sourcecode.c.objc; path = JTSStatementEditorViewController.m; sourceTree = "<group>"; };
		78B4DB2921D0C72C0079675E /* JTSStatementEditorViewController.xib */ = {isa = PBXFileReference; lastKnownFileType = file.xib; path = JTSStatementEditorViewController.xib; sourceTree = "<group>"; };
		78B4DB2E21D0CE240079675E /* UIViewController+JTSRouter.h */ = {isa = PBXFileReference; lastKnownFileType = sourcecode.c.h; path = "UIViewController+JTSRouter.h"; sourceTree = "<group>"; };
		78B4DB2F21D0CE240079675E /* UIViewController+JTSRouter.m */ = {isa = PBXFileReference; lastKnownFileType = sourcecode.c.objc; path = "UIViewController+JTSRouter.m"; sourceTree = "<group>"; };
		78B4DB3421D0EC3F0079675E /* UINavigationController+JTSStyle.h */ = {isa = PBXFileReference; lastKnownFileType = sourcecode.c.h; path = "UINavigationController+JTSStyle.h"; sourceTree = "<group>"; };
		78B4DB3521D0EC3F0079675E /* UINavigationController+JTSStyle.m */ = {isa = PBXFileReference; lastKnownFileType = sourcecode.c.objc; path = "UINavigationController+JTSStyle.m"; sourceTree = "<group>"; };
		78D8E28A21CBAC9800AED9A5 /* UIViewController+JTSStyle.h */ = {isa = PBXFileReference; lastKnownFileType = sourcecode.c.h; path = "UIViewController+JTSStyle.h"; sourceTree = "<group>"; };
		78D8E28B21CBAC9800AED9A5 /* UIViewController+JTSStyle.m */ = {isa = PBXFileReference; lastKnownFileType = sourcecode.c.objc; path = "UIViewController+JTSStyle.m"; sourceTree = "<group>"; };
		78D8E28E21CBBE2D00AED9A5 /* JTSMacroDefination.h */ = {isa = PBXFileReference; lastKnownFileType = sourcecode.c.h; path = JTSMacroDefination.h; sourceTree = "<group>"; };
		78D8E28F21CBDC8300AED9A5 /* JTSUIKit.h */ = {isa = PBXFileReference; lastKnownFileType = sourcecode.c.h; path = JTSUIKit.h; sourceTree = "<group>"; };
		78D8E29121CBE10300AED9A5 /* UIButton+JTSStyle.h */ = {isa = PBXFileReference; lastKnownFileType = sourcecode.c.h; path = "UIButton+JTSStyle.h"; sourceTree = "<group>"; };
		78D8E29221CBE10300AED9A5 /* UIButton+JTSStyle.m */ = {isa = PBXFileReference; lastKnownFileType = sourcecode.c.objc; path = "UIButton+JTSStyle.m"; sourceTree = "<group>"; };
		7C24E653499E2359D8329945 /* Pods-TimeStatementUITests.debug.xcconfig */ = {isa = PBXFileReference; includeInIndex = 1; lastKnownFileType = text.xcconfig; name = "Pods-TimeStatementUITests.debug.xcconfig"; path = "Pods/Target Support Files/Pods-TimeStatementUITests/Pods-TimeStatementUITests.debug.xcconfig"; sourceTree = "<group>"; };
		81831E682B7C0BB5E932F088 /* Pods-TimeStatementUITests.release.xcconfig */ = {isa = PBXFileReference; includeInIndex = 1; lastKnownFileType = text.xcconfig; name = "Pods-TimeStatementUITests.release.xcconfig"; path = "Pods/Target Support Files/Pods-TimeStatementUITests/Pods-TimeStatementUITests.release.xcconfig"; sourceTree = "<group>"; };
		C6A61FD907E6639DF92E8FE8 /* Pods_TimeStatement.framework */ = {isa = PBXFileReference; explicitFileType = wrapper.framework; includeInIndex = 0; path = Pods_TimeStatement.framework; sourceTree = BUILT_PRODUCTS_DIR; };
		DB14A2657170A11907BB4CBF /* Pods-TimeStatementTests.debug.xcconfig */ = {isa = PBXFileReference; includeInIndex = 1; lastKnownFileType = text.xcconfig; name = "Pods-TimeStatementTests.debug.xcconfig"; path = "Pods/Target Support Files/Pods-TimeStatementTests/Pods-TimeStatementTests.debug.xcconfig"; sourceTree = "<group>"; };
		DBCA886C8A72F1F8F24F894C /* Pods-TimeStatement.release.xcconfig */ = {isa = PBXFileReference; includeInIndex = 1; lastKnownFileType = text.xcconfig; name = "Pods-TimeStatement.release.xcconfig"; path = "Pods/Target Support Files/Pods-TimeStatement/Pods-TimeStatement.release.xcconfig"; sourceTree = "<group>"; };
/* End PBXFileReference section */

/* Begin PBXFrameworksBuildPhase section */
		78AD1A0021C3992300D03BF3 /* Frameworks */ = {
			isa = PBXFrameworksBuildPhase;
			buildActionMask = 2147483647;
			files = (
				A7AC5387C54085192A1C6CDB /* Pods_TimeStatement.framework in Frameworks */,
			);
			runOnlyForDeploymentPostprocessing = 0;
		};
		78AD1A1821C3992500D03BF3 /* Frameworks */ = {
			isa = PBXFrameworksBuildPhase;
			buildActionMask = 2147483647;
			files = (
				66F15A19AC6C97A3967F1D8C /* Pods_TimeStatementTests.framework in Frameworks */,
			);
			runOnlyForDeploymentPostprocessing = 0;
		};
		78AD1A2321C3992500D03BF3 /* Frameworks */ = {
			isa = PBXFrameworksBuildPhase;
			buildActionMask = 2147483647;
			files = (
				7611A869C334448EDFA0868E /* Pods_TimeStatementUITests.framework in Frameworks */,
			);
			runOnlyForDeploymentPostprocessing = 0;
		};
/* End PBXFrameworksBuildPhase section */

/* Begin PBXGroup section */
		3B54D01D7897C463D977F157 /* Frameworks */ = {
			isa = PBXGroup;
			children = (
				C6A61FD907E6639DF92E8FE8 /* Pods_TimeStatement.framework */,
				42ED9961F7F4B75BA20AB156 /* Pods_TimeStatementTests.framework */,
				2B80AC2F9495E2E581700266 /* Pods_TimeStatementUITests.framework */,
			);
			name = Frameworks;
			sourceTree = "<group>";
		};
		7810548621CA85FE00BC9B47 /* Main */ = {
			isa = PBXGroup;
			children = (
				7892701A21D0BCCC00DC0C81 /* View */,
				7892701921D0BCC000DC0C81 /* ViewModel */,
				7892701821D0BCA800DC0C81 /* ViewController */,
			);
			path = Main;
			sourceTree = "<group>";
		};
		7810548721CA862200BC9B47 /* Setting */ = {
			isa = PBXGroup;
			children = (
				7810548821CA864200BC9B47 /* SettingViewController.h */,
				7810548921CA864200BC9B47 /* SettingViewController.m */,
				7810548A21CA864200BC9B47 /* SettingViewController.xib */,
			);
			path = Setting;
			sourceTree = "<group>";
		};
		7892701821D0BCA800DC0C81 /* ViewController */ = {
			isa = PBXGroup;
			children = (
				7810547C21CA823000BC9B47 /* JTSMainViewController.h */,
				7810547D21CA823000BC9B47 /* JTSMainViewController.m */,
				7810547E21CA823000BC9B47 /* JTSMainViewController.xib */,
			);
			path = ViewController;
			sourceTree = "<group>";
		};
		7892701921D0BCC000DC0C81 /* ViewModel */ = {
			isa = PBXGroup;
			children = (
			);
			path = ViewModel;
			sourceTree = "<group>";
		};
		7892701A21D0BCCC00DC0C81 /* View */ = {
			isa = PBXGroup;
			children = (
			);
			path = View;
			sourceTree = "<group>";
		};
		789CE14421D20F3E00D69FC1 /* ViewModel */ = {
			isa = PBXGroup;
			children = (
				789CE14521D20F9800D69FC1 /* JTSStatementEditorViewControllerViewModel.h */,
				789CE14621D20F9800D69FC1 /* JTSStatementEditorViewControllerViewModel.m */,
			);
			path = ViewModel;
			sourceTree = "<group>";
		};
		78A08A8B21D239D50092E6A1 /* JTSUIView */ = {
			isa = PBXGroup;
			children = (
				78A08A8C21D23A000092E6A1 /* UIView+JTSEvent.h */,
				78A08A8D21D23A000092E6A1 /* UIView+JTSEvent.m */,
			);
			path = JTSUIView;
			sourceTree = "<group>";
		};
		78A08ACD21D38C0C0092E6A1 /* View */ = {
			isa = PBXGroup;
			children = (
			);
			path = View;
			sourceTree = "<group>";
		};
		78A08ACE21D391C50092E6A1 /* JTSPopTimeDurationSelecter */ = {
			isa = PBXGroup;
			children = (
				78A08AD421D392280092E6A1 /* JTSPopTimeDurationSelecterView.h */,
				78A08AD521D392280092E6A1 /* JTSPopTimeDurationSelecterView.m */,
				78A08AD621D392280092E6A1 /* JTSPopTimeDurationSelecterView.xib */,
			);
			path = JTSPopTimeDurationSelecter;
			sourceTree = "<group>";
		};
		78AD19FA21C3992300D03BF3 = {
			isa = PBXGroup;
			children = (
				78AD1A0521C3992300D03BF3 /* TimeStatement */,
				78AD1A1E21C3992500D03BF3 /* TimeStatementTests */,
				78AD1A2921C3992500D03BF3 /* TimeStatementUITests */,
				78AD1A0421C3992300D03BF3 /* Products */,
				B0A7EB1D07B37C2236A29A69 /* Pods */,
				3B54D01D7897C463D977F157 /* Frameworks */,
			);
			sourceTree = "<group>";
		};
		78AD1A0421C3992300D03BF3 /* Products */ = {
			isa = PBXGroup;
			children = (
				78AD1A0321C3992300D03BF3 /* TimeStatement.app */,
				78AD1A1B21C3992500D03BF3 /* TimeStatementTests.xctest */,
				78AD1A2621C3992500D03BF3 /* TimeStatementUITests.xctest */,
			);
			name = Products;
			sourceTree = "<group>";
		};
		78AD1A0521C3992300D03BF3 /* TimeStatement */ = {
			isa = PBXGroup;
			children = (
				78B4DB2D21D0CDDF0079675E /* JTSRouter */,
				78D8E28D21CBBE1400AED9A5 /* JTSTools */,
				78D8E28821CBAC4200AED9A5 /* JTSUIKit */,
				78B4DB2621D0C3600079675E /* StatementEditor */,
				7810548621CA85FE00BC9B47 /* Main */,
				7810548721CA862200BC9B47 /* Setting */,
				7810547521CA7B6E00BC9B47 /* JTSRootNavigationViewController.h */,
				7810547621CA7B6E00BC9B47 /* JTSRootNavigationViewController.m */,
				78AD1A0621C3992300D03BF3 /* AppDelegate.h */,
				78AD1A0721C3992300D03BF3 /* AppDelegate.m */,
				78AD1A0F21C3992500D03BF3 /* Assets.xcassets */,
				7810548421CA846100BC9B47 /* LaunchScreen.xib */,
				78AD1A1421C3992500D03BF3 /* Info.plist */,
				78AD1A1521C3992500D03BF3 /* main.m */,
			);
			path = TimeStatement;
			sourceTree = "<group>";
		};
		78AD1A1E21C3992500D03BF3 /* TimeStatementTests */ = {
			isa = PBXGroup;
			children = (
				78AD1A1F21C3992500D03BF3 /* TimeStatementTests.m */,
				78AD1A2121C3992500D03BF3 /* Info.plist */,
			);
			path = TimeStatementTests;
			sourceTree = "<group>";
		};
		78AD1A2921C3992500D03BF3 /* TimeStatementUITests */ = {
			isa = PBXGroup;
			children = (
				78AD1A2A21C3992500D03BF3 /* TimeStatementUITests.m */,
				78AD1A2C21C3992500D03BF3 /* Info.plist */,
			);
			path = TimeStatementUITests;
			sourceTree = "<group>";
		};
		78B4DB2621D0C3600079675E /* StatementEditor */ = {
			isa = PBXGroup;
			children = (
				78A08ACD21D38C0C0092E6A1 /* View */,
				789CE14421D20F3E00D69FC1 /* ViewModel */,
				78B4DB2C21D0C9FF0079675E /* ViewController */,
			);
			path = StatementEditor;
			sourceTree = "<group>";
		};
		78B4DB2C21D0C9FF0079675E /* ViewController */ = {
			isa = PBXGroup;
			children = (
				78B4DB2721D0C72C0079675E /* JTSStatementEditorViewController.h */,
				78B4DB2821D0C72C0079675E /* JTSStatementEditorViewController.m */,
				78B4DB2921D0C72C0079675E /* JTSStatementEditorViewController.xib */,
			);
			path = ViewController;
			sourceTree = "<group>";
		};
		78B4DB2D21D0CDDF0079675E /* JTSRouter */ = {
			isa = PBXGroup;
			children = (
				78B4DB2E21D0CE240079675E /* UIViewController+JTSRouter.h */,
				78B4DB2F21D0CE240079675E /* UIViewController+JTSRouter.m */,
			);
			path = JTSRouter;
			sourceTree = "<group>";
		};
		78B4DB3321D0EBEF0079675E /* JTSUINavigationController */ = {
			isa = PBXGroup;
			children = (
				78B4DB3421D0EC3F0079675E /* UINavigationController+JTSStyle.h */,
				78B4DB3521D0EC3F0079675E /* UINavigationController+JTSStyle.m */,
			);
			path = JTSUINavigationController;
			sourceTree = "<group>";
		};
		78D8E28821CBAC4200AED9A5 /* JTSUIKit */ = {
			isa = PBXGroup;
			children = (
				78D8E28F21CBDC8300AED9A5 /* JTSUIKit.h */,
				78A08ACE21D391C50092E6A1 /* JTSPopTimeDurationSelecter */,
				78A08A8B21D239D50092E6A1 /* JTSUIView */,
				78D8E28921CBAC5B00AED9A5 /* JTSUIViewController */,
				78D8E29021CBE0BC00AED9A5 /* JTSUIButton */,
				78B4DB3321D0EBEF0079675E /* JTSUINavigationController */,
			);
			path = JTSUIKit;
			sourceTree = "<group>";
		};
		78D8E28921CBAC5B00AED9A5 /* JTSUIViewController */ = {
			isa = PBXGroup;
			children = (
				78D8E28A21CBAC9800AED9A5 /* UIViewController+JTSStyle.h */,
				78D8E28B21CBAC9800AED9A5 /* UIViewController+JTSStyle.m */,
			);
			path = JTSUIViewController;
			sourceTree = "<group>";
		};
		78D8E28D21CBBE1400AED9A5 /* JTSTools */ = {
			isa = PBXGroup;
			children = (
				78D8E28E21CBBE2D00AED9A5 /* JTSMacroDefination.h */,
			);
			path = JTSTools;
			sourceTree = "<group>";
		};
		78D8E29021CBE0BC00AED9A5 /* JTSUIButton */ = {
			isa = PBXGroup;
			children = (
				78D8E29121CBE10300AED9A5 /* UIButton+JTSStyle.h */,
				78D8E29221CBE10300AED9A5 /* UIButton+JTSStyle.m */,
			);
			path = JTSUIButton;
			sourceTree = "<group>";
		};
		B0A7EB1D07B37C2236A29A69 /* Pods */ = {
			isa = PBXGroup;
			children = (
				62E39A8A5F83C5AF510574F6 /* Pods-TimeStatement.debug.xcconfig */,
				DBCA886C8A72F1F8F24F894C /* Pods-TimeStatement.release.xcconfig */,
				DB14A2657170A11907BB4CBF /* Pods-TimeStatementTests.debug.xcconfig */,
				0FCCD3CBAE02CAAE74C0AC44 /* Pods-TimeStatementTests.release.xcconfig */,
				7C24E653499E2359D8329945 /* Pods-TimeStatementUITests.debug.xcconfig */,
				81831E682B7C0BB5E932F088 /* Pods-TimeStatementUITests.release.xcconfig */,
			);
			name = Pods;
			sourceTree = "<group>";
		};
/* End PBXGroup section */

/* Begin PBXNativeTarget section */
		78AD1A0221C3992300D03BF3 /* TimeStatement */ = {
			isa = PBXNativeTarget;
			buildConfigurationList = 78AD1A2F21C3992500D03BF3 /* Build configuration list for PBXNativeTarget "TimeStatement" */;
			buildPhases = (
				49F87E8386D010842DB5AC07 /* [CP] Check Pods Manifest.lock */,
				78AD19FF21C3992300D03BF3 /* Sources */,
				78AD1A0021C3992300D03BF3 /* Frameworks */,
				78AD1A0121C3992300D03BF3 /* Resources */,
				C5D539500B7D061BFAF3969C /* [CP] Embed Pods Frameworks */,
			);
			buildRules = (
			);
			dependencies = (
			);
			name = TimeStatement;
			productName = TimeStatement;
			productReference = 78AD1A0321C3992300D03BF3 /* TimeStatement.app */;
			productType = "com.apple.product-type.application";
		};
		78AD1A1A21C3992500D03BF3 /* TimeStatementTests */ = {
			isa = PBXNativeTarget;
			buildConfigurationList = 78AD1A3221C3992500D03BF3 /* Build configuration list for PBXNativeTarget "TimeStatementTests" */;
			buildPhases = (
				F75840FD9181EC49C5858A2E /* [CP] Check Pods Manifest.lock */,
				78AD1A1721C3992500D03BF3 /* Sources */,
				78AD1A1821C3992500D03BF3 /* Frameworks */,
				78AD1A1921C3992500D03BF3 /* Resources */,
			);
			buildRules = (
			);
			dependencies = (
				78AD1A1D21C3992500D03BF3 /* PBXTargetDependency */,
			);
			name = TimeStatementTests;
			productName = TimeStatementTests;
			productReference = 78AD1A1B21C3992500D03BF3 /* TimeStatementTests.xctest */;
			productType = "com.apple.product-type.bundle.unit-test";
		};
		78AD1A2521C3992500D03BF3 /* TimeStatementUITests */ = {
			isa = PBXNativeTarget;
			buildConfigurationList = 78AD1A3521C3992500D03BF3 /* Build configuration list for PBXNativeTarget "TimeStatementUITests" */;
			buildPhases = (
				3539DEBF764E8E904B28FF7A /* [CP] Check Pods Manifest.lock */,
				78AD1A2221C3992500D03BF3 /* Sources */,
				78AD1A2321C3992500D03BF3 /* Frameworks */,
				78AD1A2421C3992500D03BF3 /* Resources */,
			);
			buildRules = (
			);
			dependencies = (
				78AD1A2821C3992500D03BF3 /* PBXTargetDependency */,
			);
			name = TimeStatementUITests;
			productName = TimeStatementUITests;
			productReference = 78AD1A2621C3992500D03BF3 /* TimeStatementUITests.xctest */;
			productType = "com.apple.product-type.bundle.ui-testing";
		};
/* End PBXNativeTarget section */

/* Begin PBXProject section */
		78AD19FB21C3992300D03BF3 /* Project object */ = {
			isa = PBXProject;
			attributes = {
				LastUpgradeCheck = 1010;
				ORGANIZATIONNAME = Johnny;
				TargetAttributes = {
					78AD1A0221C3992300D03BF3 = {
						CreatedOnToolsVersion = 10.1;
					};
					78AD1A1A21C3992500D03BF3 = {
						CreatedOnToolsVersion = 10.1;
						TestTargetID = 78AD1A0221C3992300D03BF3;
					};
					78AD1A2521C3992500D03BF3 = {
						CreatedOnToolsVersion = 10.1;
						TestTargetID = 78AD1A0221C3992300D03BF3;
					};
				};
			};
			buildConfigurationList = 78AD19FE21C3992300D03BF3 /* Build configuration list for PBXProject "TimeStatement" */;
			compatibilityVersion = "Xcode 9.3";
			developmentRegion = en;
			hasScannedForEncodings = 0;
			knownRegions = (
				en,
				Base,
			);
			mainGroup = 78AD19FA21C3992300D03BF3;
			productRefGroup = 78AD1A0421C3992300D03BF3 /* Products */;
			projectDirPath = "";
			projectRoot = "";
			targets = (
				78AD1A0221C3992300D03BF3 /* TimeStatement */,
				78AD1A1A21C3992500D03BF3 /* TimeStatementTests */,
				78AD1A2521C3992500D03BF3 /* TimeStatementUITests */,
			);
		};
/* End PBXProject section */

/* Begin PBXResourcesBuildPhase section */
		78AD1A0121C3992300D03BF3 /* Resources */ = {
			isa = PBXResourcesBuildPhase;
			buildActionMask = 2147483647;
			files = (
				7810548021CA823000BC9B47 /* JTSMainViewController.xib in Resources */,
				78B4DB2B21D0C72C0079675E /* JTSStatementEditorViewController.xib in Resources */,
				7810548521CA846100BC9B47 /* LaunchScreen.xib in Resources */,
				78AD1A1021C3992500D03BF3 /* Assets.xcassets in Resources */,
				78A08AD821D392280092E6A1 /* JTSPopTimeDurationSelecterView.xib in Resources */,
				7810548C21CA864200BC9B47 /* SettingViewController.xib in Resources */,
			);
			runOnlyForDeploymentPostprocessing = 0;
		};
		78AD1A1921C3992500D03BF3 /* Resources */ = {
			isa = PBXResourcesBuildPhase;
			buildActionMask = 2147483647;
			files = (
			);
			runOnlyForDeploymentPostprocessing = 0;
		};
		78AD1A2421C3992500D03BF3 /* Resources */ = {
			isa = PBXResourcesBuildPhase;
			buildActionMask = 2147483647;
			files = (
			);
			runOnlyForDeploymentPostprocessing = 0;
		};
/* End PBXResourcesBuildPhase section */

/* Begin PBXShellScriptBuildPhase section */
		3539DEBF764E8E904B28FF7A /* [CP] Check Pods Manifest.lock */ = {
			isa = PBXShellScriptBuildPhase;
			buildActionMask = 2147483647;
			files = (
			);
			inputFileListPaths = (
			);
			inputPaths = (
				"${PODS_PODFILE_DIR_PATH}/Podfile.lock",
				"${PODS_ROOT}/Manifest.lock",
			);
			name = "[CP] Check Pods Manifest.lock";
			outputFileListPaths = (
			);
			outputPaths = (
				"$(DERIVED_FILE_DIR)/Pods-TimeStatementUITests-checkManifestLockResult.txt",
			);
			runOnlyForDeploymentPostprocessing = 0;
			shellPath = /bin/sh;
			shellScript = "diff \"${PODS_PODFILE_DIR_PATH}/Podfile.lock\" \"${PODS_ROOT}/Manifest.lock\" > /dev/null\nif [ $? != 0 ] ; then\n    # print error to STDERR\n    echo \"error: The sandbox is not in sync with the Podfile.lock. Run 'pod install' or update your CocoaPods installation.\" >&2\n    exit 1\nfi\n# This output is used by Xcode 'outputs' to avoid re-running this script phase.\necho \"SUCCESS\" > \"${SCRIPT_OUTPUT_FILE_0}\"\n";
			showEnvVarsInLog = 0;
		};
		49F87E8386D010842DB5AC07 /* [CP] Check Pods Manifest.lock */ = {
			isa = PBXShellScriptBuildPhase;
			buildActionMask = 2147483647;
			files = (
			);
			inputFileListPaths = (
			);
			inputPaths = (
				"${PODS_PODFILE_DIR_PATH}/Podfile.lock",
				"${PODS_ROOT}/Manifest.lock",
			);
			name = "[CP] Check Pods Manifest.lock";
			outputFileListPaths = (
			);
			outputPaths = (
				"$(DERIVED_FILE_DIR)/Pods-TimeStatement-checkManifestLockResult.txt",
			);
			runOnlyForDeploymentPostprocessing = 0;
			shellPath = /bin/sh;
			shellScript = "diff \"${PODS_PODFILE_DIR_PATH}/Podfile.lock\" \"${PODS_ROOT}/Manifest.lock\" > /dev/null\nif [ $? != 0 ] ; then\n    # print error to STDERR\n    echo \"error: The sandbox is not in sync with the Podfile.lock. Run 'pod install' or update your CocoaPods installation.\" >&2\n    exit 1\nfi\n# This output is used by Xcode 'outputs' to avoid re-running this script phase.\necho \"SUCCESS\" > \"${SCRIPT_OUTPUT_FILE_0}\"\n";
			showEnvVarsInLog = 0;
		};
		C5D539500B7D061BFAF3969C /* [CP] Embed Pods Frameworks */ = {
			isa = PBXShellScriptBuildPhase;
			buildActionMask = 2147483647;
			files = (
			);
			inputFileListPaths = (
			);
			inputPaths = (
				"${SRCROOT}/Pods/Target Support Files/Pods-TimeStatement/Pods-TimeStatement-frameworks.sh",
				"${BUILT_PRODUCTS_DIR}/FMDB/FMDB.framework",
				"${BUILT_PRODUCTS_DIR}/IQKeyboardManager/IQKeyboardManager.framework",
				"${BUILT_PRODUCTS_DIR}/MBProgressHUD/MBProgressHUD.framework",
				"${BUILT_PRODUCTS_DIR}/Masonry/Masonry.framework",
				"${BUILT_PRODUCTS_DIR}/ReactiveCocoa/ReactiveCocoa.framework",
				"${BUILT_PRODUCTS_DIR}/ReactiveObjC/ReactiveObjC.framework",
				"${BUILT_PRODUCTS_DIR}/ReactiveSwift/ReactiveSwift.framework",
				"${BUILT_PRODUCTS_DIR}/Result/Result.framework",
			);
			name = "[CP] Embed Pods Frameworks";
			outputFileListPaths = (
			);
			outputPaths = (
				"${TARGET_BUILD_DIR}/${FRAMEWORKS_FOLDER_PATH}/FMDB.framework",
				"${TARGET_BUILD_DIR}/${FRAMEWORKS_FOLDER_PATH}/IQKeyboardManager.framework",
				"${TARGET_BUILD_DIR}/${FRAMEWORKS_FOLDER_PATH}/MBProgressHUD.framework",
				"${TARGET_BUILD_DIR}/${FRAMEWORKS_FOLDER_PATH}/Masonry.framework",
				"${TARGET_BUILD_DIR}/${FRAMEWORKS_FOLDER_PATH}/ReactiveCocoa.framework",
				"${TARGET_BUILD_DIR}/${FRAMEWORKS_FOLDER_PATH}/ReactiveObjC.framework",
				"${TARGET_BUILD_DIR}/${FRAMEWORKS_FOLDER_PATH}/ReactiveSwift.framework",
				"${TARGET_BUILD_DIR}/${FRAMEWORKS_FOLDER_PATH}/Result.framework",
			);
			runOnlyForDeploymentPostprocessing = 0;
			shellPath = /bin/sh;
			shellScript = "\"${SRCROOT}/Pods/Target Support Files/Pods-TimeStatement/Pods-TimeStatement-frameworks.sh\"\n";
			showEnvVarsInLog = 0;
		};
		F75840FD9181EC49C5858A2E /* [CP] Check Pods Manifest.lock */ = {
			isa = PBXShellScriptBuildPhase;
			buildActionMask = 2147483647;
			files = (
			);
			inputFileListPaths = (
			);
			inputPaths = (
				"${PODS_PODFILE_DIR_PATH}/Podfile.lock",
				"${PODS_ROOT}/Manifest.lock",
			);
			name = "[CP] Check Pods Manifest.lock";
			outputFileListPaths = (
			);
			outputPaths = (
				"$(DERIVED_FILE_DIR)/Pods-TimeStatementTests-checkManifestLockResult.txt",
			);
			runOnlyForDeploymentPostprocessing = 0;
			shellPath = /bin/sh;
			shellScript = "diff \"${PODS_PODFILE_DIR_PATH}/Podfile.lock\" \"${PODS_ROOT}/Manifest.lock\" > /dev/null\nif [ $? != 0 ] ; then\n    # print error to STDERR\n    echo \"error: The sandbox is not in sync with the Podfile.lock. Run 'pod install' or update your CocoaPods installation.\" >&2\n    exit 1\nfi\n# This output is used by Xcode 'outputs' to avoid re-running this script phase.\necho \"SUCCESS\" > \"${SCRIPT_OUTPUT_FILE_0}\"\n";
			showEnvVarsInLog = 0;
		};
/* End PBXShellScriptBuildPhase section */

/* Begin PBXSourcesBuildPhase section */
		78AD19FF21C3992300D03BF3 /* Sources */ = {
			isa = PBXSourcesBuildPhase;
			buildActionMask = 2147483647;
			files = (
				78D8E28C21CBAC9800AED9A5 /* UIViewController+JTSStyle.m in Sources */,
				78B4DB2A21D0C72C0079675E /* JTSStatementEditorViewController.m in Sources */,
				7810547721CA7B6E00BC9B47 /* JTSRootNavigationViewController.m in Sources */,
				78A08A8E21D23A000092E6A1 /* UIView+JTSEvent.m in Sources */,
				78AD1A1621C3992500D03BF3 /* main.m in Sources */,
				78AD1A0821C3992300D03BF3 /* AppDelegate.m in Sources */,
				78A08AD721D392280092E6A1 /* JTSPopTimeDurationSelecterView.m in Sources */,
				78B4DB3621D0EC3F0079675E /* UINavigationController+JTSStyle.m in Sources */,
				789CE14721D20F9800D69FC1 /* JTSStatementEditorViewControllerViewModel.m in Sources */,
				78B4DB3021D0CE240079675E /* UIViewController+JTSRouter.m in Sources */,
				7810547F21CA823000BC9B47 /* JTSMainViewController.m in Sources */,
				78D8E29321CBE10300AED9A5 /* UIButton+JTSStyle.m in Sources */,
				7810548B21CA864200BC9B47 /* SettingViewController.m in Sources */,
			);
			runOnlyForDeploymentPostprocessing = 0;
		};
		78AD1A1721C3992500D03BF3 /* Sources */ = {
			isa = PBXSourcesBuildPhase;
			buildActionMask = 2147483647;
			files = (
				78AD1A2021C3992500D03BF3 /* TimeStatementTests.m in Sources */,
			);
			runOnlyForDeploymentPostprocessing = 0;
		};
		78AD1A2221C3992500D03BF3 /* Sources */ = {
			isa = PBXSourcesBuildPhase;
			buildActionMask = 2147483647;
			files = (
				78AD1A2B21C3992500D03BF3 /* TimeStatementUITests.m in Sources */,
			);
			runOnlyForDeploymentPostprocessing = 0;
		};
/* End PBXSourcesBuildPhase section */

/* Begin PBXTargetDependency section */
		78AD1A1D21C3992500D03BF3 /* PBXTargetDependency */ = {
			isa = PBXTargetDependency;
			target = 78AD1A0221C3992300D03BF3 /* TimeStatement */;
			targetProxy = 78AD1A1C21C3992500D03BF3 /* PBXContainerItemProxy */;
		};
		78AD1A2821C3992500D03BF3 /* PBXTargetDependency */ = {
			isa = PBXTargetDependency;
			target = 78AD1A0221C3992300D03BF3 /* TimeStatement */;
			targetProxy = 78AD1A2721C3992500D03BF3 /* PBXContainerItemProxy */;
		};
/* End PBXTargetDependency section */

/* Begin XCBuildConfiguration section */
		78AD1A2D21C3992500D03BF3 /* Debug */ = {
			isa = XCBuildConfiguration;
			buildSettings = {
				ALWAYS_SEARCH_USER_PATHS = NO;
				CLANG_ANALYZER_NONNULL = YES;
				CLANG_ANALYZER_NUMBER_OBJECT_CONVERSION = YES_AGGRESSIVE;
				CLANG_CXX_LANGUAGE_STANDARD = "gnu++14";
				CLANG_CXX_LIBRARY = "libc++";
				CLANG_ENABLE_MODULES = YES;
				CLANG_ENABLE_OBJC_ARC = YES;
				CLANG_ENABLE_OBJC_WEAK = YES;
				CLANG_WARN_BLOCK_CAPTURE_AUTORELEASING = YES;
				CLANG_WARN_BOOL_CONVERSION = YES;
				CLANG_WARN_COMMA = YES;
				CLANG_WARN_CONSTANT_CONVERSION = YES;
				CLANG_WARN_DEPRECATED_OBJC_IMPLEMENTATIONS = YES;
				CLANG_WARN_DIRECT_OBJC_ISA_USAGE = YES_ERROR;
				CLANG_WARN_DOCUMENTATION_COMMENTS = YES;
				CLANG_WARN_EMPTY_BODY = YES;
				CLANG_WARN_ENUM_CONVERSION = YES;
				CLANG_WARN_INFINITE_RECURSION = YES;
				CLANG_WARN_INT_CONVERSION = YES;
				CLANG_WARN_NON_LITERAL_NULL_CONVERSION = YES;
				CLANG_WARN_OBJC_IMPLICIT_RETAIN_SELF = YES;
				CLANG_WARN_OBJC_LITERAL_CONVERSION = YES;
				CLANG_WARN_OBJC_ROOT_CLASS = YES_ERROR;
				CLANG_WARN_RANGE_LOOP_ANALYSIS = YES;
				CLANG_WARN_STRICT_PROTOTYPES = YES;
				CLANG_WARN_SUSPICIOUS_MOVE = YES;
				CLANG_WARN_UNGUARDED_AVAILABILITY = YES_AGGRESSIVE;
				CLANG_WARN_UNREACHABLE_CODE = YES;
				CLANG_WARN__DUPLICATE_METHOD_MATCH = YES;
				CODE_SIGN_IDENTITY = "iPhone Developer";
				COPY_PHASE_STRIP = NO;
				DEBUG_INFORMATION_FORMAT = dwarf;
				ENABLE_STRICT_OBJC_MSGSEND = YES;
				ENABLE_TESTABILITY = YES;
				GCC_C_LANGUAGE_STANDARD = gnu11;
				GCC_DYNAMIC_NO_PIC = NO;
				GCC_NO_COMMON_BLOCKS = YES;
				GCC_OPTIMIZATION_LEVEL = 0;
				GCC_PREPROCESSOR_DEFINITIONS = (
					"DEBUG=1",
					"$(inherited)",
				);
				GCC_WARN_64_TO_32_BIT_CONVERSION = YES;
				GCC_WARN_ABOUT_RETURN_TYPE = YES_ERROR;
				GCC_WARN_UNDECLARED_SELECTOR = YES;
				GCC_WARN_UNINITIALIZED_AUTOS = YES_AGGRESSIVE;
				GCC_WARN_UNUSED_FUNCTION = YES;
				GCC_WARN_UNUSED_VARIABLE = YES;
				IPHONEOS_DEPLOYMENT_TARGET = 12.1;
				MTL_ENABLE_DEBUG_INFO = INCLUDE_SOURCE;
				MTL_FAST_MATH = YES;
				ONLY_ACTIVE_ARCH = YES;
				SDKROOT = iphoneos;
			};
			name = Debug;
		};
		78AD1A2E21C3992500D03BF3 /* Release */ = {
			isa = XCBuildConfiguration;
			buildSettings = {
				ALWAYS_SEARCH_USER_PATHS = NO;
				CLANG_ANALYZER_NONNULL = YES;
				CLANG_ANALYZER_NUMBER_OBJECT_CONVERSION = YES_AGGRESSIVE;
				CLANG_CXX_LANGUAGE_STANDARD = "gnu++14";
				CLANG_CXX_LIBRARY = "libc++";
				CLANG_ENABLE_MODULES = YES;
				CLANG_ENABLE_OBJC_ARC = YES;
				CLANG_ENABLE_OBJC_WEAK = YES;
				CLANG_WARN_BLOCK_CAPTURE_AUTORELEASING = YES;
				CLANG_WARN_BOOL_CONVERSION = YES;
				CLANG_WARN_COMMA = YES;
				CLANG_WARN_CONSTANT_CONVERSION = YES;
				CLANG_WARN_DEPRECATED_OBJC_IMPLEMENTATIONS = YES;
				CLANG_WARN_DIRECT_OBJC_ISA_USAGE = YES_ERROR;
				CLANG_WARN_DOCUMENTATION_COMMENTS = YES;
				CLANG_WARN_EMPTY_BODY = YES;
				CLANG_WARN_ENUM_CONVERSION = YES;
				CLANG_WARN_INFINITE_RECURSION = YES;
				CLANG_WARN_INT_CONVERSION = YES;
				CLANG_WARN_NON_LITERAL_NULL_CONVERSION = YES;
				CLANG_WARN_OBJC_IMPLICIT_RETAIN_SELF = YES;
				CLANG_WARN_OBJC_LITERAL_CONVERSION = YES;
				CLANG_WARN_OBJC_ROOT_CLASS = YES_ERROR;
				CLANG_WARN_RANGE_LOOP_ANALYSIS = YES;
				CLANG_WARN_STRICT_PROTOTYPES = YES;
				CLANG_WARN_SUSPICIOUS_MOVE = YES;
				CLANG_WARN_UNGUARDED_AVAILABILITY = YES_AGGRESSIVE;
				CLANG_WARN_UNREACHABLE_CODE = YES;
				CLANG_WARN__DUPLICATE_METHOD_MATCH = YES;
				CODE_SIGN_IDENTITY = "iPhone Developer";
				COPY_PHASE_STRIP = NO;
				DEBUG_INFORMATION_FORMAT = "dwarf-with-dsym";
				ENABLE_NS_ASSERTIONS = NO;
				ENABLE_STRICT_OBJC_MSGSEND = YES;
				GCC_C_LANGUAGE_STANDARD = gnu11;
				GCC_NO_COMMON_BLOCKS = YES;
				GCC_WARN_64_TO_32_BIT_CONVERSION = YES;
				GCC_WARN_ABOUT_RETURN_TYPE = YES_ERROR;
				GCC_WARN_UNDECLARED_SELECTOR = YES;
				GCC_WARN_UNINITIALIZED_AUTOS = YES_AGGRESSIVE;
				GCC_WARN_UNUSED_FUNCTION = YES;
				GCC_WARN_UNUSED_VARIABLE = YES;
				IPHONEOS_DEPLOYMENT_TARGET = 12.1;
				MTL_ENABLE_DEBUG_INFO = NO;
				MTL_FAST_MATH = YES;
				SDKROOT = iphoneos;
				VALIDATE_PRODUCT = YES;
			};
			name = Release;
		};
		78AD1A3021C3992500D03BF3 /* Debug */ = {
			isa = XCBuildConfiguration;
			baseConfigurationReference = 62E39A8A5F83C5AF510574F6 /* Pods-TimeStatement.debug.xcconfig */;
			buildSettings = {
				ASSETCATALOG_COMPILER_APPICON_NAME = AppIcon;
				CODE_SIGN_STYLE = Automatic;
				INFOPLIST_FILE = TimeStatement/Info.plist;
				LD_RUNPATH_SEARCH_PATHS = (
					"$(inherited)",
					"@executable_path/Frameworks",
				);
				PRODUCT_BUNDLE_IDENTIFIER = John.TimeStatement;
				PRODUCT_NAME = "$(TARGET_NAME)";
				TARGETED_DEVICE_FAMILY = "1,2";
			};
			name = Debug;
		};
		78AD1A3121C3992500D03BF3 /* Release */ = {
			isa = XCBuildConfiguration;
			baseConfigurationReference = DBCA886C8A72F1F8F24F894C /* Pods-TimeStatement.release.xcconfig */;
			buildSettings = {
				ASSETCATALOG_COMPILER_APPICON_NAME = AppIcon;
				CODE_SIGN_STYLE = Automatic;
				INFOPLIST_FILE = TimeStatement/Info.plist;
				LD_RUNPATH_SEARCH_PATHS = (
					"$(inherited)",
					"@executable_path/Frameworks",
				);
				PRODUCT_BUNDLE_IDENTIFIER = John.TimeStatement;
				PRODUCT_NAME = "$(TARGET_NAME)";
				TARGETED_DEVICE_FAMILY = "1,2";
			};
			name = Release;
		};
		78AD1A3321C3992500D03BF3 /* Debug */ = {
			isa = XCBuildConfiguration;
			baseConfigurationReference = DB14A2657170A11907BB4CBF /* Pods-TimeStatementTests.debug.xcconfig */;
			buildSettings = {
				BUNDLE_LOADER = "$(TEST_HOST)";
				CODE_SIGN_STYLE = Automatic;
				INFOPLIST_FILE = TimeStatementTests/Info.plist;
				LD_RUNPATH_SEARCH_PATHS = (
					"$(inherited)",
					"@executable_path/Frameworks",
					"@loader_path/Frameworks",
				);
				PRODUCT_BUNDLE_IDENTIFIER = John.TimeStatementTests;
				PRODUCT_NAME = "$(TARGET_NAME)";
				TARGETED_DEVICE_FAMILY = "1,2";
				TEST_HOST = "$(BUILT_PRODUCTS_DIR)/TimeStatement.app/TimeStatement";
			};
			name = Debug;
		};
		78AD1A3421C3992500D03BF3 /* Release */ = {
			isa = XCBuildConfiguration;
			baseConfigurationReference = 0FCCD3CBAE02CAAE74C0AC44 /* Pods-TimeStatementTests.release.xcconfig */;
			buildSettings = {
				BUNDLE_LOADER = "$(TEST_HOST)";
				CODE_SIGN_STYLE = Automatic;
				INFOPLIST_FILE = TimeStatementTests/Info.plist;
				LD_RUNPATH_SEARCH_PATHS = (
					"$(inherited)",
					"@executable_path/Frameworks",
					"@loader_path/Frameworks",
				);
				PRODUCT_BUNDLE_IDENTIFIER = John.TimeStatementTests;
				PRODUCT_NAME = "$(TARGET_NAME)";
				TARGETED_DEVICE_FAMILY = "1,2";
				TEST_HOST = "$(BUILT_PRODUCTS_DIR)/TimeStatement.app/TimeStatement";
			};
			name = Release;
		};
		78AD1A3621C3992500D03BF3 /* Debug */ = {
			isa = XCBuildConfiguration;
			baseConfigurationReference = 7C24E653499E2359D8329945 /* Pods-TimeStatementUITests.debug.xcconfig */;
			buildSettings = {
				CODE_SIGN_STYLE = Automatic;
				INFOPLIST_FILE = TimeStatementUITests/Info.plist;
				LD_RUNPATH_SEARCH_PATHS = (
					"$(inherited)",
					"@executable_path/Frameworks",
					"@loader_path/Frameworks",
				);
				PRODUCT_BUNDLE_IDENTIFIER = John.TimeStatementUITests;
				PRODUCT_NAME = "$(TARGET_NAME)";
				TARGETED_DEVICE_FAMILY = "1,2";
				TEST_TARGET_NAME = TimeStatement;
			};
			name = Debug;
		};
		78AD1A3721C3992500D03BF3 /* Release */ = {
			isa = XCBuildConfiguration;
			baseConfigurationReference = 81831E682B7C0BB5E932F088 /* Pods-TimeStatementUITests.release.xcconfig */;
			buildSettings = {
				CODE_SIGN_STYLE = Automatic;
				INFOPLIST_FILE = TimeStatementUITests/Info.plist;
				LD_RUNPATH_SEARCH_PATHS = (
					"$(inherited)",
					"@executable_path/Frameworks",
					"@loader_path/Frameworks",
				);
				PRODUCT_BUNDLE_IDENTIFIER = John.TimeStatementUITests;
				PRODUCT_NAME = "$(TARGET_NAME)";
				TARGETED_DEVICE_FAMILY = "1,2";
				TEST_TARGET_NAME = TimeStatement;
			};
			name = Release;
		};
/* End XCBuildConfiguration section */

/* Begin XCConfigurationList section */
		78AD19FE21C3992300D03BF3 /* Build configuration list for PBXProject "TimeStatement" */ = {
			isa = XCConfigurationList;
			buildConfigurations = (
				78AD1A2D21C3992500D03BF3 /* Debug */,
				78AD1A2E21C3992500D03BF3 /* Release */,
			);
			defaultConfigurationIsVisible = 0;
			defaultConfigurationName = Release;
		};
		78AD1A2F21C3992500D03BF3 /* Build configuration list for PBXNativeTarget "TimeStatement" */ = {
			isa = XCConfigurationList;
			buildConfigurations = (
				78AD1A3021C3992500D03BF3 /* Debug */,
				78AD1A3121C3992500D03BF3 /* Release */,
			);
			defaultConfigurationIsVisible = 0;
			defaultConfigurationName = Release;
		};
		78AD1A3221C3992500D03BF3 /* Build configuration list for PBXNativeTarget "TimeStatementTests" */ = {
			isa = XCConfigurationList;
			buildConfigurations = (
				78AD1A3321C3992500D03BF3 /* Debug */,
				78AD1A3421C3992500D03BF3 /* Release */,
			);
			defaultConfigurationIsVisible = 0;
			defaultConfigurationName = Release;
		};
		78AD1A3521C3992500D03BF3 /* Build configuration list for PBXNativeTarget "TimeStatementUITests" */ = {
			isa = XCConfigurationList;
			buildConfigurations = (
				78AD1A3621C3992500D03BF3 /* Debug */,
				78AD1A3721C3992500D03BF3 /* Release */,
			);
			defaultConfigurationIsVisible = 0;
			defaultConfigurationName = Release;
		};
/* End XCConfigurationList section */
	};
	rootObject = 78AD19FB21C3992300D03BF3 /* Project object */;
}
